
Microsoft Visual Studio Solution File, Format Version 12.00
# Visual Studio Version 17
VisualStudioVersion = 17.5.33627.172
MinimumVisualStudioVersion = 10.0.40219.1
Project("{FAE04EC0-301F-11D3-BF4B-00C04F79EFBC}") = "ClearCacheAdvanced", "ClearCacheAdvanced\ClearCacheAdvanced.csproj", "{9E014620-B528-4089-9654-7205FDBA73DD}"
EndProject
Global
	GlobalSection(SolutionConfigurationPlatforms) = preSolution
		Debug|Any CPU = Debug|Any CPU
		Release|Any CPU = Release|Any CPU
	EndGlobalSection
	GlobalSection(ProjectConfigurationPlatforms) = postSolution
		{9E014620-B528-4089-9654-7205FDBA73DD}.Debug|Any CPU.ActiveCfg = Debug|Any CPU
		{9E014620-B528-4089-9654-7205FDBA73DD}.Debug|Any CPU.Build.0 = Debug|Any CPU
		{9E014620-B528-4089-9654-7205FDBA73DD}.Release|Any CPU.ActiveCfg = Release|Any CPU
		{9E014620-B528-4089-9654-7205FDBA73DD}.Release|Any CPU.Build.0 = Release|Any CPU
	EndGlobalSection
	GlobalSection(SolutionProperties) = preSolution
		HideSolutionNode = FALSE
	EndGlobalSection
	GlobalSection(ExtensibilityGlobals) = postSolution
		SolutionGuid = {2B08D5DF-0051-40EE-BA50-E6D9269D43D0}
	EndGlobalSection
EndGlobal
